
Microsoft Visual Studio Solution File, Format Version 12.00
# Visual Studio Version 16
VisualStudioVersion = 16.0.30309.148
MinimumVisualStudioVersion = 10.0.40219.1
Project("{FAE04EC0-301F-11D3-BF4B-00C04F79EFBC}") = "ConsoleApp1", "ConsoleApp1\ConsoleApp1.csproj", "{1A1B84B3-9F85-4A82-A18D-A80D2278D1D3}"
EndProject
Global
	GlobalSection(SolutionConfigurationPlatforms) = preSolution
		Debug|Any CPU = Debug|Any CPU
		Release|Any CPU = Release|Any CPU
	EndGlobalSection
	GlobalSection(ProjectConfigurationPlatforms) = postSolution
		{1A1B84B3-9F85-4A82-A18D-A80D2278D1D3}.Debug|Any CPU.ActiveCfg = Debug|Any CPU
		{1A1B84B3-9F85-4A82-A18D-A80D2278D1D3}.Debug|Any CPU.Build.0 = Debug|Any CPU
		{1A1B84B3-9F85-4A82-A18D-A80D2278D1D3}.Release|Any CPU.ActiveCfg = Release|Any CPU
		{1A1B84B3-9F85-4A82-A18D-A80D2278D1D3}.Release|Any CPU.Build.0 = Release|Any CPU
	EndGlobalSection
	GlobalSection(SolutionProperties) = preSolution
		HideSolutionNode = FALSE
	EndGlobalSection
	GlobalSection(ExtensibilityGlobals) = postSolution
		SolutionGuid = {6C70A086-8FC5-40A9-BEEB-8EF4E30AD918}
	EndGlobalSection
EndGlobal
