
Microsoft Visual Studio Solution File, Format Version 12.00
# Visual Studio Version 16
VisualStudioVersion = 16.0.30611.23
MinimumVisualStudioVersion = 10.0.40219.1
Project("{8BC9CEB8-8B4A-11D0-8D11-00A0C91BC942}") = "loops_3", "loops_3\loops_3.vcxproj", "{A39FFC08-9511-4AEB-A98B-8632E5ED10CD}"
EndProject
Global
	GlobalSection(SolutionConfigurationPlatforms) = preSolution
		Debug|x64 = Debug|x64
		Debug|x86 = Debug|x86
		Release|x64 = Release|x64
		Release|x86 = Release|x86
	EndGlobalSection
	GlobalSection(ProjectConfigurationPlatforms) = postSolution
		{A39FFC08-9511-4AEB-A98B-8632E5ED10CD}.Debug|x64.ActiveCfg = Debug|x64
		{A39FFC08-9511-4AEB-A98B-8632E5ED10CD}.Debug|x64.Build.0 = Debug|x64
		{A39FFC08-9511-4AEB-A98B-8632E5ED10CD}.Debug|x86.ActiveCfg = Debug|Win32
		{A39FFC08-9511-4AEB-A98B-8632E5ED10CD}.Debug|x86.Build.0 = Debug|Win32
		{A39FFC08-9511-4AEB-A98B-8632E5ED10CD}.Release|x64.ActiveCfg = Release|x64
		{A39FFC08-9511-4AEB-A98B-8632E5ED10CD}.Release|x64.Build.0 = Release|x64
		{A39FFC08-9511-4AEB-A98B-8632E5ED10CD}.Release|x86.ActiveCfg = Release|Win32
		{A39FFC08-9511-4AEB-A98B-8632E5ED10CD}.Release|x86.Build.0 = Release|Win32
	EndGlobalSection
	GlobalSection(SolutionProperties) = preSolution
		HideSolutionNode = FALSE
	EndGlobalSection
	GlobalSection(ExtensibilityGlobals) = postSolution
		SolutionGuid = {6CC18962-196E-472B-A539-0E8548E5B3EC}
	EndGlobalSection
EndGlobal
